
Microsoft Visual Studio Solution File, Format Version 12.00
# Visual Studio Version 17
VisualStudioVersion = 17.13.35828.75
MinimumVisualStudioVersion = 10.0.40219.1
Project("{FAE04EC0-301F-11D3-BF4B-00C04F79EFBC}") = "BaralhoDeCartas", "BaralhoDeCartas.csproj", "{B81573C1-8791-42B2-A064-EE2B56F72810}"
EndProject
Project("{FAE04EC0-301F-11D3-BF4B-00C04F79EFBC}") = "BaralhoDeCartas.Teste", "..\BaralhoDeCartas.Test\BaralhoDeCartas.Teste.csproj", "{C1585908-FCFA-4B3B-AB1D-786222492E4B}"
EndProject
Global
	GlobalSection(SolutionConfigurationPlatforms) = preSolution
		Debug|Any CPU = Debug|Any CPU
		Release|Any CPU = Release|Any CPU
	EndGlobalSection
	GlobalSection(ProjectConfigurationPlatforms) = postSolution
		{B81573C1-8791-42B2-A064-EE2B56F72810}.Debug|Any CPU.ActiveCfg = Debug|Any CPU
		{B81573C1-8791-42B2-A064-EE2B56F72810}.Debug|Any CPU.Build.0 = Debug|Any CPU
		{B81573C1-8791-42B2-A064-EE2B56F72810}.Release|Any CPU.ActiveCfg = Release|Any CPU
		{B81573C1-8791-42B2-A064-EE2B56F72810}.Release|Any CPU.Build.0 = Release|Any CPU
		{C1585908-FCFA-4B3B-AB1D-786222492E4B}.Debug|Any CPU.ActiveCfg = Debug|Any CPU
		{C1585908-FCFA-4B3B-AB1D-786222492E4B}.Debug|Any CPU.Build.0 = Debug|Any CPU
		{C1585908-FCFA-4B3B-AB1D-786222492E4B}.Release|Any CPU.ActiveCfg = Release|Any CPU
		{C1585908-FCFA-4B3B-AB1D-786222492E4B}.Release|Any CPU.Build.0 = Release|Any CPU
	EndGlobalSection
	GlobalSection(SolutionProperties) = preSolution
		HideSolutionNode = FALSE
	EndGlobalSection
	GlobalSection(ExtensibilityGlobals) = postSolution
		SolutionGuid = {D305A96E-FB39-421D-93DE-D159616DA76D}
	EndGlobalSection
EndGlobal
